[meta]
lock_version = 1
config_file = "bubseek.toml"
config_sha256 = "d5d02d0bf4ece28bc63aafbd7ac1741e0f6d2793db70833092eee4f66737e0a1"

[bub]
kind = "remote"
sha256 = "aefa9d04adbbaab52d7a27caba961aff399b2b61d07500528b047b2920d909c3"
source = "git+https://github.com/bubbuild/bub.git@36fb7522e6c962f6842acb6f5f7f35185a660de2"
resolved_commit = "36fb7522e6c962f6842acb6f5f7f35185a660de2"

[[contrib]]
name = "bub-schedule"
kind = "remote"
sha256 = "cda49df82bdc46d4d9231e7b134b5ca462616480fd989632c135019a5e18ed75"
source = "git+https://github.com/bubbuild/bub-contrib.git@3d46e873950ef67d53d38b1e997c48340d50e7f9#subdirectory=packages/bub-schedule"
resolved_commit = "3d46e873950ef67d53d38b1e997c48340d50e7f9"

[[skills]]
name = "bubseek-bootstrap"
kind = "local"
sha256 = "c42c83e39b3cda1b4ca177cce6812bd5e4c307f97145792628b94be128b8dc18"
path = "skills/bubseek-bootstrap"
